
Microsoft Visual Studio Solution File, Format Version 12.00
# Visual Studio Version 17
VisualStudioVersion = 17.14.36127.28
MinimumVisualStudioVersion = 10.0.40219.1
Project("{FAE04EC0-301F-11D3-BF4B-00C04F79EFBC}") = "KSITournamentManagement", "KSITournamentManagement\KSITournamentManagement.csproj", "{4B486640-0EFD-4967-BF9D-7C6E542D483B}"
EndProject
Project("{FAE04EC0-301F-11D3-BF4B-00C04F79EFBC}") = "TournamentManagement", "TournamentManagement\TournamentManagement.csproj", "{E20683F8-956C-49EF-8622-C96FCFD012DA}"
EndProject
Global
	GlobalSection(SolutionConfigurationPlatforms) = preSolution
		Debug|Any CPU = Debug|Any CPU
		Release|Any CPU = Release|Any CPU
	EndGlobalSection
	GlobalSection(ProjectConfigurationPlatforms) = postSolution
		{4B486640-0EFD-4967-BF9D-7C6E542D483B}.Debug|Any CPU.ActiveCfg = Debug|Any CPU
		{4B486640-0EFD-4967-BF9D-7C6E542D483B}.Debug|Any CPU.Build.0 = Debug|Any CPU
		{4B486640-0EFD-4967-BF9D-7C6E542D483B}.Debug|Any CPU.Deploy.0 = Debug|Any CPU
		{4B486640-0EFD-4967-BF9D-7C6E542D483B}.Release|Any CPU.ActiveCfg = Release|Any CPU
		{4B486640-0EFD-4967-BF9D-7C6E542D483B}.Release|Any CPU.Build.0 = Release|Any CPU
		{E20683F8-956C-49EF-8622-C96FCFD012DA}.Debug|Any CPU.ActiveCfg = Debug|Any CPU
		{E20683F8-956C-49EF-8622-C96FCFD012DA}.Debug|Any CPU.Build.0 = Debug|Any CPU
		{E20683F8-956C-49EF-8622-C96FCFD012DA}.Release|Any CPU.ActiveCfg = Release|Any CPU
		{E20683F8-956C-49EF-8622-C96FCFD012DA}.Release|Any CPU.Build.0 = Release|Any CPU
	EndGlobalSection
	GlobalSection(SolutionProperties) = preSolution
		HideSolutionNode = FALSE
	EndGlobalSection
	GlobalSection(ExtensibilityGlobals) = postSolution
		SolutionGuid = {B9DC0710-4A0C-48E5-93DC-007230D768F8}
	EndGlobalSection
EndGlobal
